<?xml version="1.0" encoding="utf-8"?>
<Project ToolsVersion="4.0" xmlns="http://schemas.microsoft.com/developer/msbuild/2003">
  <ItemGroup>
    <ClCompile Include="UProtector.cpp" />
    <ClCompile Include="..\..\trunk\wCode\src\wCppExt.cc">
      <Filter>wCode</Filter>
    </ClCompile>
    <ClCompile Include="..\..\trunk\wCode\src\wDir.cc">
      <Filter>wCode</Filter>
    </ClCompile>
    <ClCompile Include="..\..\trunk\wCode\src\wDisk.cc">
      <Filter>wCode</Filter>
    </ClCompile>
    <ClCompile Include="..\..\trunk\wCode\src\wFilePermission.cc">
      <Filter>wCode</Filter>
    </ClCompile>
    <ClCompile Include="..\..\trunk\wCode\src\wHack.cc">
      <Filter>wCode</Filter>
    </ClCompile>
    <ClCompile Include="..\..\trunk\wCode\src\wProcess.cc">
      <Filter>wCode</Filter>
    </ClCompile>
    <ClCompile Include="..\..\trunk\wCode\src\wStrUtil.cc">
      <Filter>wCode</Filter>
    </ClCompile>
    <ClCompile Include="..\..\trunk\wCode\src\wSysUtil.cc">
      <Filter>wCode</Filter>
    </ClCompile>
    <ClCompile Include="..\..\trunk\wCode\src\wTimeMeasurer.cc">
      <Filter>wCode</Filter>
    </ClCompile>
  </ItemGroup>
  <ItemGroup>
    <Filter Include="wCode">
      <UniqueIdentifier>{45c0f77d-ed60-4686-a877-ef42bd0ddc75}</UniqueIdentifier>
    </Filter>
  </ItemGroup>
  <ItemGroup>
    <ClInclude Include="..\..\trunk\wCode\src\wCppExt.h">
      <Filter>wCode</Filter>
    </ClInclude>
    <ClInclude Include="..\..\trunk\wCode\src\wDir.h">
      <Filter>wCode</Filter>
    </ClInclude>
    <ClInclude Include="..\..\trunk\wCode\src\wDisk.h">
      <Filter>wCode</Filter>
    </ClInclude>
    <ClInclude Include="..\..\trunk\wCode\src\wFilePermission.h">
      <Filter>wCode</Filter>
    </ClInclude>
    <ClInclude Include="..\..\trunk\wCode\src\wHack.h">
      <Filter>wCode</Filter>
    </ClInclude>
    <ClInclude Include="..\..\trunk\wCode\src\wProcess.h">
      <Filter>wCode</Filter>
    </ClInclude>
    <ClInclude Include="..\..\trunk\wCode\src\wStrUtil.h">
      <Filter>wCode</Filter>
    </ClInclude>
    <ClInclude Include="..\..\trunk\wCode\src\wSysUtil.h">
      <Filter>wCode</Filter>
    </ClInclude>
    <ClInclude Include="..\..\trunk\wCode\src\wTimeMeasurer.h">
      <Filter>wCode</Filter>
    </ClInclude>
  </ItemGroup>
</Project>