<?xml version="1.0" encoding="utf-8"?>
<Project ToolsVersion="4.0" xmlns="http://schemas.microsoft.com/developer/msbuild/2003">
  <ItemGroup>
    <Filter Include="interface">
      <UniqueIdentifier>{93995380-89BD-4b04-88EB-625FBE52EBFB}</UniqueIdentifier>
      <Extensions>h;hpp;hxx;hm;inl;inc;xsd</Extensions>
    </Filter>
    <Filter Include="src">
      <UniqueIdentifier>{4FC737F1-C7A5-4376-A066-2A32D752A2FF}</UniqueIdentifier>
      <Extensions>cpp;c;cc;cxx;def;odl;idl;hpj;bat;asm;asmx</Extensions>
    </Filter>
  </ItemGroup>
  <ItemGroup>
    <ClCompile Include="src\wCppExt.cc">
      <Filter>src</Filter>
    </ClCompile>
    <ClCompile Include="src\wDir.cc">
      <Filter>src</Filter>
    </ClCompile>
    <ClCompile Include="src\wProcess.cc">
      <Filter>src</Filter>
    </ClCompile>
    <ClCompile Include="src\wStrUtil.cc">
      <Filter>src</Filter>
    </ClCompile>
    <ClCompile Include="src\wSysUtil.cc">
      <Filter>src</Filter>
    </ClCompile>
    <ClCompile Include="src\wTimeMeasurer.cc">
      <Filter>src</Filter>
    </ClCompile>
    <ClCompile Include="main.cc" />
    <ClCompile Include="src\wHack.cc">
      <Filter>src</Filter>
    </ClCompile>
  </ItemGroup>
  <ItemGroup>
    <ClInclude Include="src\wCppExt.h">
      <Filter>src</Filter>
    </ClInclude>
    <ClInclude Include="src\wDir.h">
      <Filter>src</Filter>
    </ClInclude>
    <ClInclude Include="src\wProcess.h">
      <Filter>src</Filter>
    </ClInclude>
    <ClInclude Include="src\wStrUtil.h">
      <Filter>src</Filter>
    </ClInclude>
    <ClInclude Include="src\wSysUtil.h">
      <Filter>src</Filter>
    </ClInclude>
    <ClInclude Include="src\wTimeMeasurer.h">
      <Filter>src</Filter>
    </ClInclude>
    <ClInclude Include="src\wHack.h">
      <Filter>src</Filter>
    </ClInclude>
  </ItemGroup>
  <ItemGroup>
    <Text Include="dev.log" />
  </ItemGroup>
</Project>