
Microsoft Visual Studio Solution File, Format Version 12.00
# Visual Studio 2012
Project("{8BC9CEB8-8B4A-11D0-8D11-00A0C91BC942}") = "DropOnTarget", "DropOnTarget\DropOnTarget.vcxproj", "{9F82C4C9-BBD1-412B-B7D0-8FE862CF4B10}"
EndProject
Project("{8BC9CEB8-8B4A-11D0-8D11-00A0C91BC942}") = "MenuEx", "MenuEx\MenuEx.vcxproj", "{923D500B-459B-421C-B812-DBC456B17D1D}"
EndProject
Project("{8BC9CEB8-8B4A-11D0-8D11-00A0C91BC942}") = "FileIcon", "FileIcon\FileIcon.vcxproj", "{EA78F552-C19B-4209-83D3-681CF750E8C5}"
EndProject
Global
	GlobalSection(SolutionConfigurationPlatforms) = preSolution
		Debug|Win32 = Debug|Win32
		Debug|x64 = Debug|x64
		Release|Win32 = Release|Win32
		Release|x64 = Release|x64
	EndGlobalSection
	GlobalSection(ProjectConfigurationPlatforms) = postSolution
		{9F82C4C9-BBD1-412B-B7D0-8FE862CF4B10}.Debug|Win32.ActiveCfg = Debug|Win32
		{9F82C4C9-BBD1-412B-B7D0-8FE862CF4B10}.Debug|Win32.Build.0 = Debug|Win32
		{9F82C4C9-BBD1-412B-B7D0-8FE862CF4B10}.Debug|x64.ActiveCfg = Debug|x64
		{9F82C4C9-BBD1-412B-B7D0-8FE862CF4B10}.Release|Win32.ActiveCfg = Release|Win32
		{9F82C4C9-BBD1-412B-B7D0-8FE862CF4B10}.Release|Win32.Build.0 = Release|Win32
		{9F82C4C9-BBD1-412B-B7D0-8FE862CF4B10}.Release|x64.ActiveCfg = Release|x64
		{923D500B-459B-421C-B812-DBC456B17D1D}.Debug|Win32.ActiveCfg = Debug|Win32
		{923D500B-459B-421C-B812-DBC456B17D1D}.Debug|Win32.Build.0 = Debug|Win32
		{923D500B-459B-421C-B812-DBC456B17D1D}.Debug|x64.ActiveCfg = Debug|x64
		{923D500B-459B-421C-B812-DBC456B17D1D}.Release|Win32.ActiveCfg = Release|Win32
		{923D500B-459B-421C-B812-DBC456B17D1D}.Release|Win32.Build.0 = Release|Win32
		{923D500B-459B-421C-B812-DBC456B17D1D}.Release|x64.ActiveCfg = Release|x64
		{EA78F552-C19B-4209-83D3-681CF750E8C5}.Debug|Win32.ActiveCfg = Debug|Win32
		{EA78F552-C19B-4209-83D3-681CF750E8C5}.Debug|Win32.Build.0 = Debug|Win32
		{EA78F552-C19B-4209-83D3-681CF750E8C5}.Debug|x64.ActiveCfg = Debug|x64
		{EA78F552-C19B-4209-83D3-681CF750E8C5}.Debug|x64.Build.0 = Debug|x64
		{EA78F552-C19B-4209-83D3-681CF750E8C5}.Release|Win32.ActiveCfg = Release|Win32
		{EA78F552-C19B-4209-83D3-681CF750E8C5}.Release|Win32.Build.0 = Release|Win32
		{EA78F552-C19B-4209-83D3-681CF750E8C5}.Release|x64.ActiveCfg = Release|x64
		{EA78F552-C19B-4209-83D3-681CF750E8C5}.Release|x64.Build.0 = Release|x64
	EndGlobalSection
	GlobalSection(SolutionProperties) = preSolution
		HideSolutionNode = FALSE
	EndGlobalSection
EndGlobal
