<?xml version="1.0" encoding="utf-8"?>
<Project ToolsVersion="4.0" xmlns="http://schemas.microsoft.com/developer/msbuild/2003">
  <ItemGroup>
    <ClCompile Include="stdafx.cpp" />
    <ClCompile Include="ACLer.cpp" />
    <ClCompile Include="ACLerDlg.cpp" />
    <ClCompile Include="..\..\wCode\src\wConsole.cpp">
      <Filter>wCode</Filter>
    </ClCompile>
    <ClCompile Include="..\..\wCode\src\wCppExt.cpp">
      <Filter>wCode</Filter>
    </ClCompile>
    <ClCompile Include="..\..\wCode\src\wDir.cpp">
      <Filter>wCode</Filter>
    </ClCompile>
    <ClCompile Include="..\..\wCode\src\wDisk.cpp">
      <Filter>wCode</Filter>
    </ClCompile>
    <ClCompile Include="..\..\wCode\src\wFilePermission.cpp">
      <Filter>wCode</Filter>
    </ClCompile>
    <ClCompile Include="..\..\wCode\src\wHack.cpp">
      <Filter>wCode</Filter>
    </ClCompile>
    <ClCompile Include="..\..\wCode\src\wIniHelper.cpp">
      <Filter>wCode</Filter>
    </ClCompile>
    <ClCompile Include="..\..\wCode\src\wMath.cpp">
      <Filter>wCode</Filter>
    </ClCompile>
    <ClCompile Include="..\..\wCode\src\wOtherUtil.cpp">
      <Filter>wCode</Filter>
    </ClCompile>
    <ClCompile Include="..\..\wCode\src\wPipe.cpp">
      <Filter>wCode</Filter>
    </ClCompile>
    <ClCompile Include="..\..\wCode\src\wProcess.cpp">
      <Filter>wCode</Filter>
    </ClCompile>
    <ClCompile Include="..\..\wCode\src\wRpc.cpp">
      <Filter>wCode</Filter>
    </ClCompile>
    <ClCompile Include="..\..\wCode\src\wService.cpp">
      <Filter>wCode</Filter>
    </ClCompile>
    <ClCompile Include="..\..\wCode\src\wStrUtil.cpp">
      <Filter>wCode</Filter>
    </ClCompile>
    <ClCompile Include="..\..\wCode\src\wSysUtil.cpp">
      <Filter>wCode</Filter>
    </ClCompile>
    <ClCompile Include="..\..\wCode\src\wTaskbarProgress.cpp">
      <Filter>wCode</Filter>
    </ClCompile>
    <ClCompile Include="..\..\wCode\src\wTimeMeasurer.cpp">
      <Filter>wCode</Filter>
    </ClCompile>
    <ClCompile Include="..\..\wCode\src\wWindowsExt.cpp">
      <Filter>wCode</Filter>
    </ClCompile>
  </ItemGroup>
  <ItemGroup>
    <ClInclude Include="stdafx.h" />
    <ClInclude Include="targetver.h" />
    <ClInclude Include="Resource.h">
      <Filter>resource</Filter>
    </ClInclude>
    <ClInclude Include="ACLer.h" />
    <ClInclude Include="ACLerDlg.h" />
    <ClInclude Include="..\..\wCode\src\wConsole.h">
      <Filter>wCode</Filter>
    </ClInclude>
    <ClInclude Include="..\..\wCode\src\wCppExt.h">
      <Filter>wCode</Filter>
    </ClInclude>
    <ClInclude Include="..\..\wCode\src\wDir.h">
      <Filter>wCode</Filter>
    </ClInclude>
    <ClInclude Include="..\..\wCode\src\wDisk.h">
      <Filter>wCode</Filter>
    </ClInclude>
    <ClInclude Include="..\..\wCode\src\wFilePermission.h">
      <Filter>wCode</Filter>
    </ClInclude>
    <ClInclude Include="..\..\wCode\src\wHack.h">
      <Filter>wCode</Filter>
    </ClInclude>
    <ClInclude Include="..\..\wCode\src\wIniHelper.h">
      <Filter>wCode</Filter>
    </ClInclude>
    <ClInclude Include="..\..\wCode\src\wMath.h">
      <Filter>wCode</Filter>
    </ClInclude>
    <ClInclude Include="..\..\wCode\src\wOtherUtil.h">
      <Filter>wCode</Filter>
    </ClInclude>
    <ClInclude Include="..\..\wCode\src\wPipe.h">
      <Filter>wCode</Filter>
    </ClInclude>
    <ClInclude Include="..\..\wCode\src\wProcess.h">
      <Filter>wCode</Filter>
    </ClInclude>
    <ClInclude Include="..\..\wCode\src\wRpc.h">
      <Filter>wCode</Filter>
    </ClInclude>
    <ClInclude Include="..\..\wCode\src\wService.h">
      <Filter>wCode</Filter>
    </ClInclude>
    <ClInclude Include="..\..\wCode\src\wStrUtil.h">
      <Filter>wCode</Filter>
    </ClInclude>
    <ClInclude Include="..\..\wCode\src\wSysUtil.h">
      <Filter>wCode</Filter>
    </ClInclude>
    <ClInclude Include="..\..\wCode\src\wTaskbarProgress.h">
      <Filter>wCode</Filter>
    </ClInclude>
    <ClInclude Include="..\..\wCode\src\wTimeMeasurer.h">
      <Filter>wCode</Filter>
    </ClInclude>
    <ClInclude Include="..\..\wCode\src\wWindowsExt.h">
      <Filter>wCode</Filter>
    </ClInclude>
  </ItemGroup>
  <ItemGroup>
    <Filter Include="wCode">
      <UniqueIdentifier>{c719a44c-5d13-4290-8898-1e149adc6e4d}</UniqueIdentifier>
    </Filter>
    <Filter Include="resource">
      <UniqueIdentifier>{5f20df79-bcfa-47c9-8cf9-fd1d50a0f127}</UniqueIdentifier>
    </Filter>
  </ItemGroup>
  <ItemGroup>
    <ResourceCompile Include="ACLer.rc">
      <Filter>resource</Filter>
    </ResourceCompile>
  </ItemGroup>
  <ItemGroup>
    <Image Include="res\ACLer.ico">
      <Filter>resource</Filter>
    </Image>
  </ItemGroup>
</Project>