<?xml version="1.0" encoding="utf-8"?>
<Project ToolsVersion="4.0" xmlns="http://schemas.microsoft.com/developer/msbuild/2003">
  <ItemGroup>
    <Filter Include="src">
      <UniqueIdentifier>{4FC737F1-C7A5-4376-A066-2A32D752A2FF}</UniqueIdentifier>
      <Extensions>cpp;c;cc;cxx;def;odl;idl;hpj;bat;asm;asmx</Extensions>
    </Filter>
  </ItemGroup>
  <ItemGroup>
    <ClCompile Include="main.cpp" />
    <ClCompile Include="src\wConsole.cpp">
      <Filter>src</Filter>
    </ClCompile>
    <ClCompile Include="src\wCppExt.cpp">
      <Filter>src</Filter>
    </ClCompile>
    <ClCompile Include="src\wDir.cpp">
      <Filter>src</Filter>
    </ClCompile>
    <ClCompile Include="src\wDisk.cpp">
      <Filter>src</Filter>
    </ClCompile>
    <ClCompile Include="src\wFilePermission.cpp">
      <Filter>src</Filter>
    </ClCompile>
    <ClCompile Include="src\wHack.cpp">
      <Filter>src</Filter>
    </ClCompile>
    <ClCompile Include="src\wIniHelper.cpp">
      <Filter>src</Filter>
    </ClCompile>
    <ClCompile Include="src\wMath.cpp">
      <Filter>src</Filter>
    </ClCompile>
    <ClCompile Include="src\wOtherUtil.cpp">
      <Filter>src</Filter>
    </ClCompile>
    <ClCompile Include="src\wPipe.cpp">
      <Filter>src</Filter>
    </ClCompile>
    <ClCompile Include="src\wProcess.cpp">
      <Filter>src</Filter>
    </ClCompile>
    <ClCompile Include="src\wRpc.cpp">
      <Filter>src</Filter>
    </ClCompile>
    <ClCompile Include="src\wService.cpp">
      <Filter>src</Filter>
    </ClCompile>
    <ClCompile Include="src\wStrUtil.cpp">
      <Filter>src</Filter>
    </ClCompile>
    <ClCompile Include="src\wSysUtil.cpp">
      <Filter>src</Filter>
    </ClCompile>
    <ClCompile Include="src\wTaskbarProgress.cpp">
      <Filter>src</Filter>
    </ClCompile>
    <ClCompile Include="src\wTimeMeasurer.cpp">
      <Filter>src</Filter>
    </ClCompile>
    <ClCompile Include="src\wWindowsExt.cpp">
      <Filter>src</Filter>
    </ClCompile>
  </ItemGroup>
  <ItemGroup>
    <ClInclude Include="src\wConsole.h">
      <Filter>src</Filter>
    </ClInclude>
    <ClInclude Include="src\wCppExt.h">
      <Filter>src</Filter>
    </ClInclude>
    <ClInclude Include="src\wDir.h">
      <Filter>src</Filter>
    </ClInclude>
    <ClInclude Include="src\wDisk.h">
      <Filter>src</Filter>
    </ClInclude>
    <ClInclude Include="src\wFilePermission.h">
      <Filter>src</Filter>
    </ClInclude>
    <ClInclude Include="src\wHack.h">
      <Filter>src</Filter>
    </ClInclude>
    <ClInclude Include="src\wIniHelper.h">
      <Filter>src</Filter>
    </ClInclude>
    <ClInclude Include="src\wMath.h">
      <Filter>src</Filter>
    </ClInclude>
    <ClInclude Include="src\wOtherUtil.h">
      <Filter>src</Filter>
    </ClInclude>
    <ClInclude Include="src\wPipe.h">
      <Filter>src</Filter>
    </ClInclude>
    <ClInclude Include="src\wProcess.h">
      <Filter>src</Filter>
    </ClInclude>
    <ClInclude Include="src\wRpc.h">
      <Filter>src</Filter>
    </ClInclude>
    <ClInclude Include="src\wService.h">
      <Filter>src</Filter>
    </ClInclude>
    <ClInclude Include="src\wStrUtil.h">
      <Filter>src</Filter>
    </ClInclude>
    <ClInclude Include="src\wSysUtil.h">
      <Filter>src</Filter>
    </ClInclude>
    <ClInclude Include="src\wTaskbarProgress.h">
      <Filter>src</Filter>
    </ClInclude>
    <ClInclude Include="src\wTimeMeasurer.h">
      <Filter>src</Filter>
    </ClInclude>
    <ClInclude Include="src\wWindowsExt.h">
      <Filter>src</Filter>
    </ClInclude>
  </ItemGroup>
</Project>